# This file is automatically @generated by Poetry 2.1.2 and should not be changed by hand.

[[package]]
name = "anyio"
version = "4.9.0"
description = "High level compatibility layer for multiple asynchronous event loop implementations"
optional = false
python-versions = ">=3.9"
groups = ["main"]
files = [
    {file = "anyio-4.9.0-py3-none-any.whl", hash = "sha256:9f76d541cad6e36af7beb62e978876f3b41e3e04f2c1fbf0884604c0a9c4d93c"},
    {file = "anyio-4.9.0.tar.gz", hash = "sha256:673c0c244e15788651a4ff38710fea9675823028a6f08a5eda409e0c9840a028"},
]

[package.dependencies]
exceptiongroup = {version = ">=1.0.2", markers = "python_version < \"3.11\""}
idna = ">=2.8"
sniffio = ">=1.1"
typing_extensions = {version = ">=4.5", markers = "python_version < \"3.13\""}

[package.extras]
doc = ["Sphinx (>=8.2,<9.0)", "packaging", "sphinx-autodoc-typehints (>=1.2.0)", "sphinx_rtd_theme"]
test = ["anyio[trio]", "blockbuster (>=1.5.23)", "coverage[toml] (>=7)", "exceptiongroup (>=1.2.0)", "hypothesis (>=4.0)", "psutil (>=5.9)", "pytest (>=7.0)", "trustme", "truststore (>=0.9.1) ; python_version >= \"3.10\"", "uvloop (>=0.21) ; platform_python_implementation == \"CPython\" and platform_system != \"Windows\" and python_version < \"3.14\""]
trio = ["trio (>=0.26.1)"]

[[package]]
name = "click"
version = "8.1.8"
description = "Composable command line interface toolkit"
optional = false
python-versions = ">=3.7"
groups = ["main"]
files = [
    {file = "click-8.1.8-py3-none-any.whl", hash = "sha256:63c132bbbed01578a06712a2d1f497bb62d9c1c0d329b7903a866228027263b2"},
    {file = "click-8.1.8.tar.gz", hash = "sha256:ed53c9d8990d83c2a27deae68e4ee337473f6330c040a31d4225c9574d16096a"},
]

[package.dependencies]
colorama = {version = "*", markers = "platform_system == \"Windows\""}

[[package]]
name = "colorama"
version = "0.4.6"
description = "Cross-platform colored terminal text."
optional = false
python-versions = "!=3.0.*,!=3.1.*,!=3.2.*,!=3.3.*,!=3.4.*,!=3.5.*,!=3.6.*,>=2.7"
groups = ["main"]
markers = "platform_system == \"Windows\""
files = [
    {file = "colorama-0.4.6-py2.py3-none-any.whl", hash = "sha256:4f1d9991f5acc0ca119f9d443620b77f9d6b33703e51011c16baf57afb285fc6"},
    {file = "colorama-0.4.6.tar.gz", hash = "sha256:08695f5cb7ed6e0531a20572697297273c47b8cae5a63ffc6d6ed5c201be6e44"},
]

[[package]]
name = "exceptiongroup"
version = "1.2.2"
description = "Backport of PEP 654 (exception groups)"
optional = false
python-versions = ">=3.7"
groups = ["main"]
markers = "python_version == \"3.10\""
files = [
    {file = "exceptiongroup-1.2.2-py3-none-any.whl", hash = "sha256:3111b9d131c238bec2f8f516e123e14ba243563fb135d3fe885990585aa7795b"},
    {file = "exceptiongroup-1.2.2.tar.gz", hash = "sha256:47c2edf7c6738fafb49fd34290706d1a1a2f4d1c6df275526b62cbb4aa5393cc"},
]

[package.extras]
test = ["pytest (>=6)"]

[[package]]
name = "granian"
version = "2.2.5"
description = "A Rust HTTP server for Python applications"
optional = false
python-versions = ">=3.9"
groups = ["main"]
files = [
    {file = "granian-2.2.5-cp310-cp310-macosx_10_12_x86_64.whl", hash = "sha256:5589e75ebb6c6bc9a8f90591cc69c0f1b37a34ab719f6545f8ac1c6d75a8eb19"},
    {file = "granian-2.2.5-cp310-cp310-macosx_11_0_arm64.whl", hash = "sha256:895292a7b204590a69625eb8d2da84f536378d1c54a0cb4ac55febeb2fb460cb"},
    {file = "granian-2.2.5-cp310-cp310-manylinux_2_17_armv7l.manylinux2014_armv7l.whl", hash = "sha256:475eefaf459e3b27f0910db972b1b881a5d37631a03e13ac2cd1d6a3dbb76c8c"},
    {file = "granian-2.2.5-cp310-cp310-manylinux_2_17_i686.manylinux2014_i686.whl", hash = "sha256:c9e602eb99ba08f1776710caae0df62940f575c752b3709d741d2de9c971378f"},
    {file = "granian-2.2.5-cp310-cp310-manylinux_2_17_x86_64.manylinux2014_x86_64.whl", hash = "sha256:6c0aba46594c79fda92c22093363718a5871949e500fd4aca981c8deda63ab66"},
    {file = "granian-2.2.5-cp310-cp310-manylinux_2_28_aarch64.whl", hash = "sha256:4fd140d107b4ac2a14e196c7b8c334e6b6f3bc3786560cc9883f26b59768ed60"},
    {file = "granian-2.2.5-cp310-cp310-musllinux_1_1_aarch64.whl", hash = "sha256:c99c4532c7c17ca928989507300fe1d0b90a8037471a5a2ee41cad7513cb7b45"},
    {file = "granian-2.2.5-cp310-cp310-musllinux_1_1_armv7l.whl", hash = "sha256:35e363fa61582b2e7afa498d3b423a6e85b5a2c31d7887221443cd7c430844b9"},
    {file = "granian-2.2.5-cp310-cp310-musllinux_1_1_x86_64.whl", hash = "sha256:92b2d65c359417907b13a7fb789faebb64d1d3853db8c9c2f0e6aa6bda822496"},
    {file = "granian-2.2.5-cp310-cp310-win_amd64.whl", hash = "sha256:eec8ba571c20327acd2915b15f24c4ee72af5bfd8f8aa039bedd58ce39c4a43d"},
    {file = "granian-2.2.5-cp311-cp311-macosx_10_12_x86_64.whl", hash = "sha256:8e2b5b3ce787f89d5d379d4dcf97c9ef343f4b628038f3d149cf19ec061f6821"},
    {file = "granian-2.2.5-cp311-cp311-macosx_11_0_arm64.whl", hash = "sha256:33fe5613455c841ef90420d566cf04827e44a55d90ef58f357449ae358e8f27f"},
    {file = "granian-2.2.5-cp311-cp311-manylinux_2_17_armv7l.manylinux2014_armv7l.whl", hash = "sha256:435a0c87125fccb6dc6168524537695208363b1ed1923ba4e986900c18495263"},
    {file = "granian-2.2.5-cp311-cp311-manylinux_2_17_i686.manylinux2014_i686.whl", hash = "sha256:1c31e6cff7c19bc33694959a434e57dd279ca6eee0cc5ee147cb1680e60ef188"},
    {file = "granian-2.2.5-cp311-cp311-manylinux_2_17_x86_64.manylinux2014_x86_64.whl", hash = "sha256:19a0d4520617010a9c64951e6eceb4f8f51efc348595bb1a5b0965175c8a1498"},
    {file = "granian-2.2.5-cp311-cp311-manylinux_2_28_aarch64.whl", hash = "sha256:ab4c2cd6af03071cdc91afcdf3832a0ff9113bf2c8c84a6f0c737924c899832c"},
    {file = "granian-2.2.5-cp311-cp311-musllinux_1_1_aarch64.whl", hash = "sha256:0fb53b78c8e4ddf0f05df6ea5353b0b90325d8e83d474909d3f53b7508e8f2e5"},
    {file = "granian-2.2.5-cp311-cp311-musllinux_1_1_armv7l.whl", hash = "sha256:4ab203ecc34905450f832c0aea3ec036f632e765d036de8f22fb9859732eeb5e"},
    {file = "granian-2.2.5-cp311-cp311-musllinux_1_1_x86_64.whl", hash = "sha256:18586d29dcff41db730df0f4ae341f437695aaa7bfdeab8cef187bca6d1d8146"},
    {file = "granian-2.2.5-cp311-cp311-win_amd64.whl", hash = "sha256:30b3261254e8b45ce825ef958da034b80c20faf4b48e0ca1bfb01a829ae92d5c"},
    {file = "granian-2.2.5-cp312-cp312-macosx_10_12_x86_64.whl", hash = "sha256:2ff8916ba37490fef696a461c2a43498b8865b3dcfa73e3dbff9d72ea2f6fbb9"},
    {file = "granian-2.2.5-cp312-cp312-macosx_11_0_arm64.whl", hash = "sha256:6cb56eccde7fe1c94ffb9ae60d516221c57b2e29224b6c6c2484ded044852320"},
    {file = "granian-2.2.5-cp312-cp312-manylinux_2_17_armv7l.manylinux2014_armv7l.whl", hash = "sha256:1883c7e3e1b1154ba49d1317e42a660b2c12a7bda8e4bc79b9279904db01d48b"},
    {file = "granian-2.2.5-cp312-cp312-manylinux_2_17_i686.manylinux2014_i686.whl", hash = "sha256:84ce4b171e3dd10a8d1b0ddf6a09665faae257ca5e35394af0784d1682252903"},
    {file = "granian-2.2.5-cp312-cp312-manylinux_2_17_x86_64.manylinux2014_x86_64.whl", hash = "sha256:2cdded34f6a0f9f4bdbb26535c4b16312b38b7edb799b39e2282f57b605919ea"},
    {file = "granian-2.2.5-cp312-cp312-manylinux_2_28_aarch64.whl", hash = "sha256:41f90d5123c1d772c24dfa552551831cd96742f72be26d550d3ac0bae733e870"},
    {file = "granian-2.2.5-cp312-cp312-musllinux_1_1_aarch64.whl", hash = "sha256:fadb34659db0e4eaba19e3d3547eaa4f75a64a63f222a57df7badcc17d3842d9"},
    {file = "granian-2.2.5-cp312-cp312-musllinux_1_1_armv7l.whl", hash = "sha256:bbeeeb96e7148cc36afa56f652da24f65098bd5e64a528ce894f60ab2db85ff7"},
    {file = "granian-2.2.5-cp312-cp312-musllinux_1_1_x86_64.whl", hash = "sha256:2ae5587061a95b936ecaaf337e1aff35d19e27c1872d09e1a86debf1010841f8"},
    {file = "granian-2.2.5-cp312-cp312-win_amd64.whl", hash = "sha256:fc1fa600bf0be3e8a3e2a49fb013aa9edf740dbf1ab14a19cad75088bd44dae4"},
    {file = "granian-2.2.5-cp313-cp313-macosx_10_12_x86_64.whl", hash = "sha256:00d0d1797df1e0c3c9e438670e0f1f27500efef543ced42415d821e6162f884e"},
    {file = "granian-2.2.5-cp313-cp313-macosx_11_0_arm64.whl", hash = "sha256:05d0852938a40948ce48a14a0186c9757b738e2715bd817a7931cb5b65aff4cb"},
    {file = "granian-2.2.5-cp313-cp313-manylinux_2_17_armv7l.manylinux2014_armv7l.whl", hash = "sha256:19b6817f25f1c29858e06c2ded96d16734ebb5c7d0f2d29f71c0e6e3da240906"},
    {file = "granian-2.2.5-cp313-cp313-manylinux_2_17_i686.manylinux2014_i686.whl", hash = "sha256:a6a79710035d5c5964e3f4a528e0d9b74de5d73a69b1ea48142804469a4c635f"},
    {file = "granian-2.2.5-cp313-cp313-manylinux_2_17_x86_64.manylinux2014_x86_64.whl", hash = "sha256:8a8b508b785e0a68593b111e598a199567c6fb98841cbd9cd1b5a10baa4cc13d"},
    {file = "granian-2.2.5-cp313-cp313-manylinux_2_28_aarch64.whl", hash = "sha256:9c6f1f4351ccf9783db6d6da022f1ba83ef4c83c2d26f52ca5d30acf5fbac2df"},
    {file = "granian-2.2.5-cp313-cp313-musllinux_1_1_aarch64.whl", hash = "sha256:ac26b7933e3302b526d481b7c61f017288e06eb56bf9168133f649097b2ce5ab"},
    {file = "granian-2.2.5-cp313-cp313-musllinux_1_1_armv7l.whl", hash = "sha256:4950e77678378995df3b2be5544179ae5757a3ab6079272f14a161e14f0fe1eb"},
    {file = "granian-2.2.5-cp313-cp313-musllinux_1_1_x86_64.whl", hash = "sha256:928389b89ffe88af96fbd8120fc3cb64afe9a62797000f6e7e6ff88ff5612ccc"},
    {file = "granian-2.2.5-cp313-cp313-win_amd64.whl", hash = "sha256:db1f3c2ae4496e82803014587b822c702d5ea263c35a8edf1a2b098ee9459c9a"},
    {file = "granian-2.2.5-cp313-cp313t-macosx_10_12_x86_64.whl", hash = "sha256:f0b688402347e646a2d2b95114eef2eb786ec4c9cb747157e7e892f809e0bb3f"},
    {file = "granian-2.2.5-cp313-cp313t-macosx_11_0_arm64.whl", hash = "sha256:4e8fd8688c79fd7d9dec162b5217869288c1da64ce26518d9fbb69d8f8e97ac9"},
    {file = "granian-2.2.5-cp313-cp313t-manylinux_2_17_x86_64.manylinux2014_x86_64.whl", hash = "sha256:12fe0a5f37affa90d2d576b9a7c4e1bbe18ff4cce59f6cd05d33375e6d5b4b5a"},
    {file = "granian-2.2.5-cp313-cp313t-manylinux_2_28_aarch64.whl", hash = "sha256:48a43bf791ec7ec8c75cf538f5957875aedc5b4653688c9292887911738d3f51"},
    {file = "granian-2.2.5-cp313-cp313t-musllinux_1_1_aarch64.whl", hash = "sha256:bb44abd371bf054626aa750ad25dfe6b17216a0dbf10faa4f6a61a2fea57eaf6"},
    {file = "granian-2.2.5-cp313-cp313t-musllinux_1_1_armv7l.whl", hash = "sha256:4cdccad590be2183eed4e11f4aef7e62c5326df777e4aaefceecb23edea474ad"},
    {file = "granian-2.2.5-cp313-cp313t-musllinux_1_1_x86_64.whl", hash = "sha256:0ea5be0b02b78a024fc730cf2a271e58ec553aa39b0b43bdb11492c4c82024ba"},
    {file = "granian-2.2.5-cp313-cp313t-win_amd64.whl", hash = "sha256:3e83de670fd6c75b405f28f62053d3477433650f102cb88e6582df6acced0a6c"},
    {file = "granian-2.2.5-cp39-cp39-macosx_10_12_x86_64.whl", hash = "sha256:7bae59a88c1e5ab6009312843b5b34ab0554553a70272e7281f87f7877c70758"},
    {file = "granian-2.2.5-cp39-cp39-macosx_11_0_arm64.whl", hash = "sha256:2bb568b5842672cc9deea079ae3d7d33ffdb4bc59b6263608a5969eda5593cc7"},
    {file = "granian-2.2.5-cp39-cp39-manylinux_2_17_armv7l.manylinux2014_armv7l.whl", hash = "sha256:e0dc6c493f3e071d050251bc09002be6a32a6da009d7d41954569f5b073104b9"},
    {file = "granian-2.2.5-cp39-cp39-manylinux_2_17_i686.manylinux2014_i686.whl", hash = "sha256:654eb753bbca27cc3298635c296612c872dccd1c55e97c3e75339489602e6049"},
    {file = "granian-2.2.5-cp39-cp39-manylinux_2_17_x86_64.manylinux2014_x86_64.whl", hash = "sha256:894d0ab8bdfc2d38791e154d797273801626e409539ebdf0f4c1bd826470331a"},
    {file = "granian-2.2.5-cp39-cp39-manylinux_2_28_aarch64.whl", hash = "sha256:acb27162fe1da7cfd6a56eeabc8b3608342d568b491e72a7b856894fb9653e85"},
    {file = "granian-2.2.5-cp39-cp39-musllinux_1_1_aarch64.whl", hash = "sha256:dc6aca51b1363cbde94aaa2510e2d2903d63b037630b9defed7b139a1502d68c"},
    {file = "granian-2.2.5-cp39-cp39-musllinux_1_1_armv7l.whl", hash = "sha256:e36f8fdc32f4995a84a8177480c2b2b659ab9344410e0db377ebd3fddcb337b4"},
    {file = "granian-2.2.5-cp39-cp39-musllinux_1_1_x86_64.whl", hash = "sha256:b570cf6ca3379fa7f4f3c73502ccb80f47cfe5dde1c99317c8f5981237eb195d"},
    {file = "granian-2.2.5-cp39-cp39-win_amd64.whl", hash = "sha256:053b752574d0fdf72c955a7b195ae1f481472e0ef1198c438d7ca194c242c287"},
    {file = "granian-2.2.5-pp310-pypy310_pp73-macosx_10_12_x86_64.whl", hash = "sha256:98ed7f46d8aa0922216875acd3984592bf54a6b4c7c098e86a40f60fe30d8acf"},
    {file = "granian-2.2.5-pp310-pypy310_pp73-macosx_11_0_arm64.whl", hash = "sha256:5049be7c71754aa0eb92b5374207e86d975498dc5b117d03d4b0b517a6ad754e"},
    {file = "granian-2.2.5-pp310-pypy310_pp73-manylinux_2_17_x86_64.manylinux2014_x86_64.whl", hash = "sha256:6ea8ef8d67b4366210d167ed36f25ce74c7332991fb4911795cd31af0e01785c"},
    {file = "granian-2.2.5-pp310-pypy310_pp73-manylinux_2_28_aarch64.whl", hash = "sha256:6fec5114fb780c754992b0c5b19eaaf196e4ee19d56460ee77bb5b6a5598feeb"},
    {file = "granian-2.2.5-pp310-pypy310_pp73-musllinux_1_1_aarch64.whl", hash = "sha256:70f262884ee4c0d5797ac745273623f728df5648889b6f6f2cb05099587e6942"},
    {file = "granian-2.2.5-pp310-pypy310_pp73-musllinux_1_1_armv7l.whl", hash = "sha256:19a8764f77cda621216917d9ca457bb93f0f4157596c1ade47d39a2a74f8ed1f"},
    {file = "granian-2.2.5-pp310-pypy310_pp73-musllinux_1_1_x86_64.whl", hash = "sha256:ef723d40e629706cfab07adc3c08ca24036cbcb3e226f1e14f64fd6f8c72d45d"},
    {file = "granian-2.2.5-pp311-pypy311_pp73-macosx_10_12_x86_64.whl", hash = "sha256:b7571c366d8f6ccf544fb0f1feabe706f47529ddb0bf6db19589b7bfc24e5933"},
    {file = "granian-2.2.5-pp311-pypy311_pp73-macosx_11_0_arm64.whl", hash = "sha256:6a6f3c1c32479385d0d0891ada451ffed853edd2b84270554dd0c958c9a23e61"},
    {file = "granian-2.2.5-pp311-pypy311_pp73-manylinux_2_17_x86_64.manylinux2014_x86_64.whl", hash = "sha256:dc3044ea4cc24423d7c6b591474c18761f597c6d25c98e361a2912b38107e2c3"},
    {file = "granian-2.2.5-pp311-pypy311_pp73-manylinux_2_28_aarch64.whl", hash = "sha256:2ee65968181686f836bfda1cd26808a0ed56aefa6aef352664ac5e4b4e79f18e"},
    {file = "granian-2.2.5-pp311-pypy311_pp73-musllinux_1_1_aarch64.whl", hash = "sha256:e73ad9bbda11c03b3c82c459c36268f365500324ee9e0d0a26e443cb7796454e"},
    {file = "granian-2.2.5-pp311-pypy311_pp73-musllinux_1_1_armv7l.whl", hash = "sha256:2252443bc38bb9c25e3c856d911c15cbb377398da26a289c6f0a8d83ac08e293"},
    {file = "granian-2.2.5-pp311-pypy311_pp73-musllinux_1_1_x86_64.whl", hash = "sha256:4a7c7a41101f2a404aacf515dd03e79d40b0c8650e17ce03ca806670ee9101a1"},
    {file = "granian-2.2.5-pp39-pypy39_pp73-macosx_10_12_x86_64.whl", hash = "sha256:5db67f26c89c7220c3cc1fce9b8f881a95c6c5e328b08938ad5afbc3aa6f5e3f"},
    {file = "granian-2.2.5-pp39-pypy39_pp73-macosx_11_0_arm64.whl", hash = "sha256:2911bb2a897eedbd9978c95f73f106de8a90c012c68379857119a33bfff30d29"},
    {file = "granian-2.2.5-pp39-pypy39_pp73-manylinux_2_17_x86_64.manylinux2014_x86_64.whl", hash = "sha256:ac81a79491e8afbd3e6c577c81ae872f910e2119dd13afd65338a0974b3d1c17"},
    {file = "granian-2.2.5-pp39-pypy39_pp73-manylinux_2_28_aarch64.whl", hash = "sha256:5bc5902069e068af15ebc874579d6dd3db73d96378e1e1acee8ebae6989bfe77"},
    {file = "granian-2.2.5-pp39-pypy39_pp73-musllinux_1_1_aarch64.whl", hash = "sha256:b97b569b32e28b0688ff1e7e75a313635edcba8d158adf65751fb1f8a752c9d3"},
    {file = "granian-2.2.5-pp39-pypy39_pp73-musllinux_1_1_armv7l.whl", hash = "sha256:d0cff3257764a02108183c78fba8803fc76121d411a461f38f7b8131e609f000"},
    {file = "granian-2.2.5-pp39-pypy39_pp73-musllinux_1_1_x86_64.whl", hash = "sha256:a1e8d676e2ebb6095752ec57f358d4879f77e961624d2f64c0432fd1d704332b"},
    {file = "granian-2.2.5.tar.gz", hash = "sha256:90b832270b6b03a41b1706051113a3ffcca307860d5c864dc1f47ea290fc4b58"},
]

[package.dependencies]
click = ">=8.0.0"
watchfiles = {version = ">=1.0,<2.0", optional = true, markers = "extra == \"reload\""}

[package.extras]
all = ["granian[pname,reload]"]
pname = ["setproctitle (>=1.3.3,<1.4.0)"]
reload = ["watchfiles (>=1.0,<2.0)"]
rloop = ["rloop (>=0.1,<1.0) ; sys_platform != \"win32\""]
uvloop = ["uvloop (>=0.18.0) ; platform_python_implementation == \"CPython\" and sys_platform != \"win32\""]

[[package]]
name = "idna"
version = "3.10"
description = "Internationalized Domain Names in Applications (IDNA)"
optional = false
python-versions = ">=3.6"
groups = ["main"]
files = [
    {file = "idna-3.10-py3-none-any.whl", hash = "sha256:946d195a0d259cbba61165e88e65941f16e9b36ea6ddb97f00452bae8b1287d3"},
    {file = "idna-3.10.tar.gz", hash = "sha256:12f65c9b470abda6dc35cf8e63cc574b1c52b11df2c86030af0ac09b01b13ea9"},
]

[package.extras]
all = ["flake8 (>=7.1.1)", "mypy (>=1.11.2)", "pytest (>=8.3.2)", "ruff (>=0.6.2)"]

[[package]]
name = "orjson"
version = "3.10.16"
description = "Fast, correct Python JSON library supporting dataclasses, datetimes, and numpy"
optional = false
python-versions = ">=3.9"
groups = ["main"]
files = [
    {file = "orjson-3.10.16-cp310-cp310-macosx_10_15_x86_64.macosx_11_0_arm64.macosx_10_15_universal2.whl", hash = "sha256:4cb473b8e79154fa778fb56d2d73763d977be3dcc140587e07dbc545bbfc38f8"},
    {file = "orjson-3.10.16-cp310-cp310-manylinux_2_17_aarch64.manylinux2014_aarch64.whl", hash = "sha256:622a8e85eeec1948690409a19ca1c7d9fd8ff116f4861d261e6ae2094fe59a00"},
    {file = "orjson-3.10.16-cp310-cp310-manylinux_2_17_armv7l.manylinux2014_armv7l.whl", hash = "sha256:c682d852d0ce77613993dc967e90e151899fe2d8e71c20e9be164080f468e370"},
    {file = "orjson-3.10.16-cp310-cp310-manylinux_2_17_i686.manylinux2014_i686.whl", hash = "sha256:8c520ae736acd2e32df193bcff73491e64c936f3e44a2916b548da048a48b46b"},
    {file = "orjson-3.10.16-cp310-cp310-manylinux_2_17_ppc64le.manylinux2014_ppc64le.whl", hash = "sha256:134f87c76bfae00f2094d85cfab261b289b76d78c6da8a7a3b3c09d362fd1e06"},
    {file = "orjson-3.10.16-cp310-cp310-manylinux_2_17_s390x.manylinux2014_s390x.whl", hash = "sha256:b59afde79563e2cf37cfe62ee3b71c063fd5546c8e662d7fcfc2a3d5031a5c4c"},
    {file = "orjson-3.10.16-cp310-cp310-manylinux_2_17_x86_64.manylinux2014_x86_64.whl", hash = "sha256:113602f8241daaff05d6fad25bd481d54c42d8d72ef4c831bb3ab682a54d9e15"},
    {file = "orjson-3.10.16-cp310-cp310-musllinux_1_2_aarch64.whl", hash = "sha256:4fc0077d101f8fab4031e6554fc17b4c2ad8fdbc56ee64a727f3c95b379e31da"},
    {file = "orjson-3.10.16-cp310-cp310-musllinux_1_2_armv7l.whl", hash = "sha256:9c6bf6ff180cd69e93f3f50380224218cfab79953a868ea3908430bcfaf9cb5e"},
    {file = "orjson-3.10.16-cp310-cp310-musllinux_1_2_i686.whl", hash = "sha256:5673eadfa952f95a7cd76418ff189df11b0a9c34b1995dff43a6fdbce5d63bf4"},
    {file = "orjson-3.10.16-cp310-cp310-musllinux_1_2_x86_64.whl", hash = "sha256:5fe638a423d852b0ae1e1a79895851696cb0d9fa0946fdbfd5da5072d9bb9551"},
    {file = "orjson-3.10.16-cp310-cp310-win32.whl", hash = "sha256:33af58f479b3c6435ab8f8b57999874b4b40c804c7a36b5cc6b54d8f28e1d3dd"},
    {file = "orjson-3.10.16-cp310-cp310-win_amd64.whl", hash = "sha256:0338356b3f56d71293c583350af26f053017071836b07e064e92819ecf1aa055"},
    {file = "orjson-3.10.16-cp311-cp311-macosx_10_15_x86_64.macosx_11_0_arm64.macosx_10_15_universal2.whl", hash = "sha256:44fcbe1a1884f8bc9e2e863168b0f84230c3d634afe41c678637d2728ea8e739"},
    {file = "orjson-3.10.16-cp311-cp311-manylinux_2_17_aarch64.manylinux2014_aarch64.whl", hash = "sha256:78177bf0a9d0192e0b34c3d78bcff7fe21d1b5d84aeb5ebdfe0dbe637b885225"},
    {file = "orjson-3.10.16-cp311-cp311-manylinux_2_17_armv7l.manylinux2014_armv7l.whl", hash = "sha256:12824073a010a754bb27330cad21d6e9b98374f497f391b8707752b96f72e741"},
    {file = "orjson-3.10.16-cp311-cp311-manylinux_2_17_i686.manylinux2014_i686.whl", hash = "sha256:ddd41007e56284e9867864aa2f29f3136bb1dd19a49ca43c0b4eda22a579cf53"},
    {file = "orjson-3.10.16-cp311-cp311-manylinux_2_17_ppc64le.manylinux2014_ppc64le.whl", hash = "sha256:0877c4d35de639645de83666458ca1f12560d9fa7aa9b25d8bb8f52f61627d14"},
    {file = "orjson-3.10.16-cp311-cp311-manylinux_2_17_s390x.manylinux2014_s390x.whl", hash = "sha256:9a09a539e9cc3beead3e7107093b4ac176d015bec64f811afb5965fce077a03c"},
    {file = "orjson-3.10.16-cp311-cp311-manylinux_2_17_x86_64.manylinux2014_x86_64.whl", hash = "sha256:31b98bc9b40610fec971d9a4d67bb2ed02eec0a8ae35f8ccd2086320c28526ca"},
    {file = "orjson-3.10.16-cp311-cp311-musllinux_1_2_aarch64.whl", hash = "sha256:0ce243f5a8739f3a18830bc62dc2e05b69a7545bafd3e3249f86668b2bcd8e50"},
    {file = "orjson-3.10.16-cp311-cp311-musllinux_1_2_armv7l.whl", hash = "sha256:64792c0025bae049b3074c6abe0cf06f23c8e9f5a445f4bab31dc5ca23dbf9e1"},
    {file = "orjson-3.10.16-cp311-cp311-musllinux_1_2_i686.whl", hash = "sha256:ea53f7e68eec718b8e17e942f7ca56c6bd43562eb19db3f22d90d75e13f0431d"},
    {file = "orjson-3.10.16-cp311-cp311-musllinux_1_2_x86_64.whl", hash = "sha256:a741ba1a9488c92227711bde8c8c2b63d7d3816883268c808fbeada00400c164"},
    {file = "orjson-3.10.16-cp311-cp311-win32.whl", hash = "sha256:c7ed2c61bb8226384c3fdf1fb01c51b47b03e3f4536c985078cccc2fd19f1619"},
    {file = "orjson-3.10.16-cp311-cp311-win_amd64.whl", hash = "sha256:cd67d8b3e0e56222a2e7b7f7da9031e30ecd1fe251c023340b9f12caca85ab60"},
    {file = "orjson-3.10.16-cp312-cp312-macosx_10_15_x86_64.macosx_11_0_arm64.macosx_10_15_universal2.whl", hash = "sha256:6d3444abbfa71ba21bb042caa4b062535b122248259fdb9deea567969140abca"},
    {file = "orjson-3.10.16-cp312-cp312-macosx_15_0_arm64.whl", hash = "sha256:30245c08d818fdcaa48b7d5b81499b8cae09acabb216fe61ca619876b128e184"},
    {file = "orjson-3.10.16-cp312-cp312-manylinux_2_17_aarch64.manylinux2014_aarch64.whl", hash = "sha256:a0ba1d0baa71bf7579a4ccdcf503e6f3098ef9542106a0eca82395898c8a500a"},
    {file = "orjson-3.10.16-cp312-cp312-manylinux_2_17_armv7l.manylinux2014_armv7l.whl", hash = "sha256:eb0beefa5ef3af8845f3a69ff2a4aa62529b5acec1cfe5f8a6b4141033fd46ef"},
    {file = "orjson-3.10.16-cp312-cp312-manylinux_2_17_i686.manylinux2014_i686.whl", hash = "sha256:6daa0e1c9bf2e030e93c98394de94506f2a4d12e1e9dadd7c53d5e44d0f9628e"},
    {file = "orjson-3.10.16-cp312-cp312-manylinux_2_17_ppc64le.manylinux2014_ppc64le.whl", hash = "sha256:9da9019afb21e02410ef600e56666652b73eb3e4d213a0ec919ff391a7dd52aa"},
    {file = "orjson-3.10.16-cp312-cp312-manylinux_2_17_s390x.manylinux2014_s390x.whl", hash = "sha256:daeb3a1ee17b69981d3aae30c3b4e786b0f8c9e6c71f2b48f1aef934f63f38f4"},
    {file = "orjson-3.10.16-cp312-cp312-manylinux_2_17_x86_64.manylinux2014_x86_64.whl", hash = "sha256:80fed80eaf0e20a31942ae5d0728849862446512769692474be5e6b73123a23b"},
    {file = "orjson-3.10.16-cp312-cp312-musllinux_1_2_aarch64.whl", hash = "sha256:73390ed838f03764540a7bdc4071fe0123914c2cc02fb6abf35182d5fd1b7a42"},
    {file = "orjson-3.10.16-cp312-cp312-musllinux_1_2_armv7l.whl", hash = "sha256:a22bba012a0c94ec02a7768953020ab0d3e2b884760f859176343a36c01adf87"},
    {file = "orjson-3.10.16-cp312-cp312-musllinux_1_2_i686.whl", hash = "sha256:5385bbfdbc90ff5b2635b7e6bebf259652db00a92b5e3c45b616df75b9058e88"},
    {file = "orjson-3.10.16-cp312-cp312-musllinux_1_2_x86_64.whl", hash = "sha256:02c6279016346e774dd92625d46c6c40db687b8a0d685aadb91e26e46cc33e1e"},
    {file = "orjson-3.10.16-cp312-cp312-win32.whl", hash = "sha256:7ca55097a11426db80f79378e873a8c51f4dde9ffc22de44850f9696b7eb0e8c"},
    {file = "orjson-3.10.16-cp312-cp312-win_amd64.whl", hash = "sha256:86d127efdd3f9bf5f04809b70faca1e6836556ea3cc46e662b44dab3fe71f3d6"},
    {file = "orjson-3.10.16-cp313-cp313-macosx_10_15_x86_64.macosx_11_0_arm64.macosx_10_15_universal2.whl", hash = "sha256:148a97f7de811ba14bc6dbc4a433e0341ffd2cc285065199fb5f6a98013744bd"},
    {file = "orjson-3.10.16-cp313-cp313-macosx_15_0_arm64.whl", hash = "sha256:1d960c1bf0e734ea36d0adc880076de3846aaec45ffad29b78c7f1b7962516b8"},
    {file = "orjson-3.10.16-cp313-cp313-manylinux_2_17_aarch64.manylinux2014_aarch64.whl", hash = "sha256:a318cd184d1269f68634464b12871386808dc8b7c27de8565234d25975a7a137"},
    {file = "orjson-3.10.16-cp313-cp313-manylinux_2_17_armv7l.manylinux2014_armv7l.whl", hash = "sha256:df23f8df3ef9223d1d6748bea63fca55aae7da30a875700809c500a05975522b"},
    {file = "orjson-3.10.16-cp313-cp313-manylinux_2_17_i686.manylinux2014_i686.whl", hash = "sha256:b94dda8dd6d1378f1037d7f3f6b21db769ef911c4567cbaa962bb6dc5021cf90"},
    {file = "orjson-3.10.16-cp313-cp313-manylinux_2_17_ppc64le.manylinux2014_ppc64le.whl", hash = "sha256:f12970a26666a8775346003fd94347d03ccb98ab8aa063036818381acf5f523e"},
    {file = "orjson-3.10.16-cp313-cp313-manylinux_2_17_s390x.manylinux2014_s390x.whl", hash = "sha256:15a1431a245d856bd56e4d29ea0023eb4d2c8f71efe914beb3dee8ab3f0cd7fb"},
    {file = "orjson-3.10.16-cp313-cp313-manylinux_2_17_x86_64.manylinux2014_x86_64.whl", hash = "sha256:c83655cfc247f399a222567d146524674a7b217af7ef8289c0ff53cfe8db09f0"},
    {file = "orjson-3.10.16-cp313-cp313-musllinux_1_2_aarch64.whl", hash = "sha256:fa59ae64cb6ddde8f09bdbf7baf933c4cd05734ad84dcf4e43b887eb24e37652"},
    {file = "orjson-3.10.16-cp313-cp313-musllinux_1_2_armv7l.whl", hash = "sha256:ca5426e5aacc2e9507d341bc169d8af9c3cbe88f4cd4c1cf2f87e8564730eb56"},
    {file = "orjson-3.10.16-cp313-cp313-musllinux_1_2_i686.whl", hash = "sha256:6fd5da4edf98a400946cd3a195680de56f1e7575109b9acb9493331047157430"},
    {file = "orjson-3.10.16-cp313-cp313-musllinux_1_2_x86_64.whl", hash = "sha256:980ecc7a53e567169282a5e0ff078393bac78320d44238da4e246d71a4e0e8f5"},
    {file = "orjson-3.10.16-cp313-cp313-win32.whl", hash = "sha256:28f79944dd006ac540a6465ebd5f8f45dfdf0948ff998eac7a908275b4c1add6"},
    {file = "orjson-3.10.16-cp313-cp313-win_amd64.whl", hash = "sha256:fe0a145e96d51971407cb8ba947e63ead2aa915db59d6631a355f5f2150b56b7"},
    {file = "orjson-3.10.16-cp39-cp39-macosx_10_15_x86_64.macosx_11_0_arm64.macosx_10_15_universal2.whl", hash = "sha256:c35b5c1fb5a5d6d2fea825dec5d3d16bea3c06ac744708a8e1ff41d4ba10cdf1"},
    {file = "orjson-3.10.16-cp39-cp39-manylinux_2_17_aarch64.manylinux2014_aarch64.whl", hash = "sha256:c9aac7ecc86218b4b3048c768f227a9452287001d7548500150bb75ee21bf55d"},
    {file = "orjson-3.10.16-cp39-cp39-manylinux_2_17_armv7l.manylinux2014_armv7l.whl", hash = "sha256:6e19f5102fff36f923b6dfdb3236ec710b649da975ed57c29833cb910c5a73ab"},
    {file = "orjson-3.10.16-cp39-cp39-manylinux_2_17_i686.manylinux2014_i686.whl", hash = "sha256:17210490408eb62755a334a6f20ed17c39f27b4f45d89a38cd144cd458eba80b"},
    {file = "orjson-3.10.16-cp39-cp39-manylinux_2_17_ppc64le.manylinux2014_ppc64le.whl", hash = "sha256:fbbe04451db85916e52a9f720bd89bf41f803cf63b038595674691680cbebd1b"},
    {file = "orjson-3.10.16-cp39-cp39-manylinux_2_17_s390x.manylinux2014_s390x.whl", hash = "sha256:6a966eba501a3a1f309f5a6af32ed9eb8f316fa19d9947bac3e6350dc63a6f0a"},
    {file = "orjson-3.10.16-cp39-cp39-manylinux_2_17_x86_64.manylinux2014_x86_64.whl", hash = "sha256:01e0d22f06c81e6c435723343e1eefc710e0510a35d897856766d475f2a15687"},
    {file = "orjson-3.10.16-cp39-cp39-musllinux_1_2_aarch64.whl", hash = "sha256:7c1e602d028ee285dbd300fb9820b342b937df64d5a3336e1618b354e95a2569"},
    {file = "orjson-3.10.16-cp39-cp39-musllinux_1_2_armv7l.whl", hash = "sha256:d230e5020666a6725629df81e210dc11c3eae7d52fe909a7157b3875238484f3"},
    {file = "orjson-3.10.16-cp39-cp39-musllinux_1_2_i686.whl", hash = "sha256:0f8baac07d4555f57d44746a7d80fbe6b2c4fe2ed68136b4abb51cfec512a5e9"},
    {file = "orjson-3.10.16-cp39-cp39-musllinux_1_2_x86_64.whl", hash = "sha256:524e48420b90fc66953e91b660b3d05faaf921277d6707e328fde1c218b31250"},
    {file = "orjson-3.10.16-cp39-cp39-win32.whl", hash = "sha256:a9f614e31423d7292dbca966a53b2d775c64528c7d91424ab2747d8ab8ce5c72"},
    {file = "orjson-3.10.16-cp39-cp39-win_amd64.whl", hash = "sha256:c338dc2296d1ed0d5c5c27dfb22d00b330555cb706c2e0be1e1c3940a0895905"},
    {file = "orjson-3.10.16.tar.gz", hash = "sha256:d2aaa5c495e11d17b9b93205f5fa196737ee3202f000aaebf028dc9a73750f10"},
]

[[package]]
name = "python-multipart"
version = "0.0.20"
description = "A streaming multipart parser for Python"
optional = false
python-versions = ">=3.8"
groups = ["main"]
files = [
    {file = "python_multipart-0.0.20-py3-none-any.whl", hash = "sha256:8a62d3a8335e06589fe01f2a3e178cdcc632f3fbe0d492ad9ee0ec35aab1f104"},
    {file = "python_multipart-0.0.20.tar.gz", hash = "sha256:8dd0cab45b8e23064ae09147625994d090fa46f5b0d1e13af944c331a7fa9d13"},
]

[[package]]
name = "sniffio"
version = "1.3.1"
description = "Sniff out which async library your code is running under"
optional = false
python-versions = ">=3.7"
groups = ["main"]
files = [
    {file = "sniffio-1.3.1-py3-none-any.whl", hash = "sha256:2f6da418d1f1e0fddd844478f41680e794e6051915791a034ff65e5f100525a2"},
    {file = "sniffio-1.3.1.tar.gz", hash = "sha256:f4324edc670a0f49750a81b895f35c3adb843cca46f0530f79fc1babb23789dc"},
]

[[package]]
name = "typing-extensions"
version = "4.13.2"
description = "Backported and Experimental Type Hints for Python 3.8+"
optional = false
python-versions = ">=3.8"
groups = ["main"]
markers = "python_version < \"3.13\""
files = [
    {file = "typing_extensions-4.13.2-py3-none-any.whl", hash = "sha256:a439e7c04b49fec3e5d3e2beaa21755cadbbdc391694e28ccdd36ca4a1408f8c"},
    {file = "typing_extensions-4.13.2.tar.gz", hash = "sha256:e6c81219bd689f51865d9e372991c540bda33a0379d5573cddb9a3a23f7caaef"},
]

[[package]]
name = "watchfiles"
version = "1.0.5"
description = "Simple, modern and high performance file watching and code reload in python."
optional = false
python-versions = ">=3.9"
groups = ["main"]
files = [
    {file = "watchfiles-1.0.5-cp310-cp310-macosx_10_12_x86_64.whl", hash = "sha256:5c40fe7dd9e5f81e0847b1ea64e1f5dd79dd61afbedb57759df06767ac719b40"},
    {file = "watchfiles-1.0.5-cp310-cp310-macosx_11_0_arm64.whl", hash = "sha256:8c0db396e6003d99bb2d7232c957b5f0b5634bbd1b24e381a5afcc880f7373fb"},
    {file = "watchfiles-1.0.5-cp310-cp310-manylinux_2_17_aarch64.manylinux2014_aarch64.whl", hash = "sha256:b551d4fb482fc57d852b4541f911ba28957d051c8776e79c3b4a51eb5e2a1b11"},
    {file = "watchfiles-1.0.5-cp310-cp310-manylinux_2_17_armv7l.manylinux2014_armv7l.whl", hash = "sha256:830aa432ba5c491d52a15b51526c29e4a4b92bf4f92253787f9726fe01519487"},
    {file = "watchfiles-1.0.5-cp310-cp310-manylinux_2_17_i686.manylinux2014_i686.whl", hash = "sha256:a16512051a822a416b0d477d5f8c0e67b67c1a20d9acecb0aafa3aa4d6e7d256"},
    {file = "watchfiles-1.0.5-cp310-cp310-manylinux_2_17_ppc64le.manylinux2014_ppc64le.whl", hash = "sha256:bfe0cbc787770e52a96c6fda6726ace75be7f840cb327e1b08d7d54eadc3bc85"},
    {file = "watchfiles-1.0.5-cp310-cp310-manylinux_2_17_s390x.manylinux2014_s390x.whl", hash = "sha256:d363152c5e16b29d66cbde8fa614f9e313e6f94a8204eaab268db52231fe5358"},
    {file = "watchfiles-1.0.5-cp310-cp310-manylinux_2_17_x86_64.manylinux2014_x86_64.whl", hash = "sha256:7ee32c9a9bee4d0b7bd7cbeb53cb185cf0b622ac761efaa2eba84006c3b3a614"},
    {file = "watchfiles-1.0.5-cp310-cp310-musllinux_1_1_aarch64.whl", hash = "sha256:29c7fd632ccaf5517c16a5188e36f6612d6472ccf55382db6c7fe3fcccb7f59f"},
    {file = "watchfiles-1.0.5-cp310-cp310-musllinux_1_1_x86_64.whl", hash = "sha256:8e637810586e6fe380c8bc1b3910accd7f1d3a9a7262c8a78d4c8fb3ba6a2b3d"},
    {file = "watchfiles-1.0.5-cp310-cp310-win32.whl", hash = "sha256:cd47d063fbeabd4c6cae1d4bcaa38f0902f8dc5ed168072874ea11d0c7afc1ff"},
    {file = "watchfiles-1.0.5-cp310-cp310-win_amd64.whl", hash = "sha256:86c0df05b47a79d80351cd179893f2f9c1b1cae49d96e8b3290c7f4bd0ca0a92"},
    {file = "watchfiles-1.0.5-cp311-cp311-macosx_10_12_x86_64.whl", hash = "sha256:237f9be419e977a0f8f6b2e7b0475ababe78ff1ab06822df95d914a945eac827"},
    {file = "watchfiles-1.0.5-cp311-cp311-macosx_11_0_arm64.whl", hash = "sha256:e0da39ff917af8b27a4bdc5a97ac577552a38aac0d260a859c1517ea3dc1a7c4"},
    {file = "watchfiles-1.0.5-cp311-cp311-manylinux_2_17_aarch64.manylinux2014_aarch64.whl", hash = "sha256:2cfcb3952350e95603f232a7a15f6c5f86c5375e46f0bd4ae70d43e3e063c13d"},
    {file = "watchfiles-1.0.5-cp311-cp311-manylinux_2_17_armv7l.manylinux2014_armv7l.whl", hash = "sha256:68b2dddba7a4e6151384e252a5632efcaa9bc5d1c4b567f3cb621306b2ca9f63"},
    {file = "watchfiles-1.0.5-cp311-cp311-manylinux_2_17_i686.manylinux2014_i686.whl", hash = "sha256:95cf944fcfc394c5f9de794ce581914900f82ff1f855326f25ebcf24d5397418"},
    {file = "watchfiles-1.0.5-cp311-cp311-manylinux_2_17_ppc64le.manylinux2014_ppc64le.whl", hash = "sha256:ecf6cd9f83d7c023b1aba15d13f705ca7b7d38675c121f3cc4a6e25bd0857ee9"},
    {file = "watchfiles-1.0.5-cp311-cp311-manylinux_2_17_s390x.manylinux2014_s390x.whl", hash = "sha256:852de68acd6212cd6d33edf21e6f9e56e5d98c6add46f48244bd479d97c967c6"},
    {file = "watchfiles-1.0.5-cp311-cp311-manylinux_2_17_x86_64.manylinux2014_x86_64.whl", hash = "sha256:d5730f3aa35e646103b53389d5bc77edfbf578ab6dab2e005142b5b80a35ef25"},
    {file = "watchfiles-1.0.5-cp311-cp311-musllinux_1_1_aarch64.whl", hash = "sha256:18b3bd29954bc4abeeb4e9d9cf0b30227f0f206c86657674f544cb032296acd5"},
    {file = "watchfiles-1.0.5-cp311-cp311-musllinux_1_1_x86_64.whl", hash = "sha256:ba5552a1b07c8edbf197055bc9d518b8f0d98a1c6a73a293bc0726dce068ed01"},
    {file = "watchfiles-1.0.5-cp311-cp311-win32.whl", hash = "sha256:2f1fefb2e90e89959447bc0420fddd1e76f625784340d64a2f7d5983ef9ad246"},
    {file = "watchfiles-1.0.5-cp311-cp311-win_amd64.whl", hash = "sha256:b6e76ceb1dd18c8e29c73f47d41866972e891fc4cc7ba014f487def72c1cf096"},
    {file = "watchfiles-1.0.5-cp311-cp311-win_arm64.whl", hash = "sha256:266710eb6fddc1f5e51843c70e3bebfb0f5e77cf4f27129278c70554104d19ed"},
    {file = "watchfiles-1.0.5-cp312-cp312-macosx_10_12_x86_64.whl", hash = "sha256:b5eb568c2aa6018e26da9e6c86f3ec3fd958cee7f0311b35c2630fa4217d17f2"},
    {file = "watchfiles-1.0.5-cp312-cp312-macosx_11_0_arm64.whl", hash = "sha256:0a04059f4923ce4e856b4b4e5e783a70f49d9663d22a4c3b3298165996d1377f"},
    {file = "watchfiles-1.0.5-cp312-cp312-manylinux_2_17_aarch64.manylinux2014_aarch64.whl", hash = "sha256:3e380c89983ce6e6fe2dd1e1921b9952fb4e6da882931abd1824c092ed495dec"},
    {file = "watchfiles-1.0.5-cp312-cp312-manylinux_2_17_armv7l.manylinux2014_armv7l.whl", hash = "sha256:fe43139b2c0fdc4a14d4f8d5b5d967f7a2777fd3d38ecf5b1ec669b0d7e43c21"},
    {file = "watchfiles-1.0.5-cp312-cp312-manylinux_2_17_i686.manylinux2014_i686.whl", hash = "sha256:ee0822ce1b8a14fe5a066f93edd20aada932acfe348bede8aa2149f1a4489512"},
    {file = "watchfiles-1.0.5-cp312-cp312-manylinux_2_17_ppc64le.manylinux2014_ppc64le.whl", hash = "sha256:a0dbcb1c2d8f2ab6e0a81c6699b236932bd264d4cef1ac475858d16c403de74d"},
    {file = "watchfiles-1.0.5-cp312-cp312-manylinux_2_17_s390x.manylinux2014_s390x.whl", hash = "sha256:a2014a2b18ad3ca53b1f6c23f8cd94a18ce930c1837bd891262c182640eb40a6"},
    {file = "watchfiles-1.0.5-cp312-cp312-manylinux_2_17_x86_64.manylinux2014_x86_64.whl", hash = "sha256:10f6ae86d5cb647bf58f9f655fcf577f713915a5d69057a0371bc257e2553234"},
    {file = "watchfiles-1.0.5-cp312-cp312-musllinux_1_1_aarch64.whl", hash = "sha256:1a7bac2bde1d661fb31f4d4e8e539e178774b76db3c2c17c4bb3e960a5de07a2"},
    {file = "watchfiles-1.0.5-cp312-cp312-musllinux_1_1_x86_64.whl", hash = "sha256:4ab626da2fc1ac277bbf752446470b367f84b50295264d2d313e28dc4405d663"},
    {file = "watchfiles-1.0.5-cp312-cp312-win32.whl", hash = "sha256:9f4571a783914feda92018ef3901dab8caf5b029325b5fe4558c074582815249"},
    {file = "watchfiles-1.0.5-cp312-cp312-win_amd64.whl", hash = "sha256:360a398c3a19672cf93527f7e8d8b60d8275119c5d900f2e184d32483117a705"},
    {file = "watchfiles-1.0.5-cp312-cp312-win_arm64.whl", hash = "sha256:1a2902ede862969077b97523987c38db28abbe09fb19866e711485d9fbf0d417"},
    {file = "watchfiles-1.0.5-cp313-cp313-macosx_10_12_x86_64.whl", hash = "sha256:0b289572c33a0deae62daa57e44a25b99b783e5f7aed81b314232b3d3c81a11d"},
    {file = "watchfiles-1.0.5-cp313-cp313-macosx_11_0_arm64.whl", hash = "sha256:a056c2f692d65bf1e99c41045e3bdcaea3cb9e6b5a53dcaf60a5f3bd95fc9763"},
    {file = "watchfiles-1.0.5-cp313-cp313-manylinux_2_17_aarch64.manylinux2014_aarch64.whl", hash = "sha256:b9dca99744991fc9850d18015c4f0438865414e50069670f5f7eee08340d8b40"},
    {file = "watchfiles-1.0.5-cp313-cp313-manylinux_2_17_armv7l.manylinux2014_armv7l.whl", hash = "sha256:894342d61d355446d02cd3988a7326af344143eb33a2fd5d38482a92072d9563"},
    {file = "watchfiles-1.0.5-cp313-cp313-manylinux_2_17_i686.manylinux2014_i686.whl", hash = "sha256:ab44e1580924d1ffd7b3938e02716d5ad190441965138b4aa1d1f31ea0877f04"},
    {file = "watchfiles-1.0.5-cp313-cp313-manylinux_2_17_ppc64le.manylinux2014_ppc64le.whl", hash = "sha256:d6f9367b132078b2ceb8d066ff6c93a970a18c3029cea37bfd7b2d3dd2e5db8f"},
    {file = "watchfiles-1.0.5-cp313-cp313-manylinux_2_17_s390x.manylinux2014_s390x.whl", hash = "sha256:f2e55a9b162e06e3f862fb61e399fe9f05d908d019d87bf5b496a04ef18a970a"},
    {file = "watchfiles-1.0.5-cp313-cp313-manylinux_2_17_x86_64.manylinux2014_x86_64.whl", hash = "sha256:0125f91f70e0732a9f8ee01e49515c35d38ba48db507a50c5bdcad9503af5827"},
    {file = "watchfiles-1.0.5-cp313-cp313-musllinux_1_1_aarch64.whl", hash = "sha256:13bb21f8ba3248386337c9fa51c528868e6c34a707f729ab041c846d52a0c69a"},
    {file = "watchfiles-1.0.5-cp313-cp313-musllinux_1_1_x86_64.whl", hash = "sha256:839ebd0df4a18c5b3c1b890145b5a3f5f64063c2a0d02b13c76d78fe5de34936"},
    {file = "watchfiles-1.0.5-cp313-cp313-win32.whl", hash = "sha256:4a8ec1e4e16e2d5bafc9ba82f7aaecfeec990ca7cd27e84fb6f191804ed2fcfc"},
    {file = "watchfiles-1.0.5-cp313-cp313-win_amd64.whl", hash = "sha256:f436601594f15bf406518af922a89dcaab416568edb6f65c4e5bbbad1ea45c11"},
    {file = "watchfiles-1.0.5-cp39-cp39-macosx_10_12_x86_64.whl", hash = "sha256:2cfb371be97d4db374cba381b9f911dd35bb5f4c58faa7b8b7106c8853e5d225"},
    {file = "watchfiles-1.0.5-cp39-cp39-macosx_11_0_arm64.whl", hash = "sha256:a3904d88955fda461ea2531fcf6ef73584ca921415d5cfa44457a225f4a42bc1"},
    {file = "watchfiles-1.0.5-cp39-cp39-manylinux_2_17_aarch64.manylinux2014_aarch64.whl", hash = "sha256:2b7a21715fb12274a71d335cff6c71fe7f676b293d322722fe708a9ec81d91f5"},
    {file = "watchfiles-1.0.5-cp39-cp39-manylinux_2_17_armv7l.manylinux2014_armv7l.whl", hash = "sha256:dfd6ae1c385ab481766b3c61c44aca2b3cd775f6f7c0fa93d979ddec853d29d5"},
    {file = "watchfiles-1.0.5-cp39-cp39-manylinux_2_17_i686.manylinux2014_i686.whl", hash = "sha256:b659576b950865fdad31fa491d31d37cf78b27113a7671d39f919828587b429b"},
    {file = "watchfiles-1.0.5-cp39-cp39-manylinux_2_17_ppc64le.manylinux2014_ppc64le.whl", hash = "sha256:1909e0a9cd95251b15bff4261de5dd7550885bd172e3536824bf1cf6b121e200"},
    {file = "watchfiles-1.0.5-cp39-cp39-manylinux_2_17_s390x.manylinux2014_s390x.whl", hash = "sha256:832ccc221927c860e7286c55c9b6ebcc0265d5e072f49c7f6456c7798d2b39aa"},
    {file = "watchfiles-1.0.5-cp39-cp39-manylinux_2_17_x86_64.manylinux2014_x86_64.whl", hash = "sha256:85fbb6102b3296926d0c62cfc9347f6237fb9400aecd0ba6bbda94cae15f2b3b"},
    {file = "watchfiles-1.0.5-cp39-cp39-musllinux_1_1_aarch64.whl", hash = "sha256:15ac96dd567ad6c71c71f7b2c658cb22b7734901546cd50a475128ab557593ca"},
    {file = "watchfiles-1.0.5-cp39-cp39-musllinux_1_1_x86_64.whl", hash = "sha256:4b6227351e11c57ae997d222e13f5b6f1f0700d84b8c52304e8675d33a808382"},
    {file = "watchfiles-1.0.5-cp39-cp39-win32.whl", hash = "sha256:974866e0db748ebf1eccab17862bc0f0303807ed9cda465d1324625b81293a18"},
    {file = "watchfiles-1.0.5-cp39-cp39-win_amd64.whl", hash = "sha256:9848b21ae152fe79c10dd0197304ada8f7b586d3ebc3f27f43c506e5a52a863c"},
    {file = "watchfiles-1.0.5-pp310-pypy310_pp73-macosx_10_12_x86_64.whl", hash = "sha256:f59b870db1f1ae5a9ac28245707d955c8721dd6565e7f411024fa374b5362d1d"},
    {file = "watchfiles-1.0.5-pp310-pypy310_pp73-macosx_11_0_arm64.whl", hash = "sha256:9475b0093767e1475095f2aeb1d219fb9664081d403d1dff81342df8cd707034"},
    {file = "watchfiles-1.0.5-pp310-pypy310_pp73-manylinux_2_17_aarch64.manylinux2014_aarch64.whl", hash = "sha256:fc533aa50664ebd6c628b2f30591956519462f5d27f951ed03d6c82b2dfd9965"},
    {file = "watchfiles-1.0.5-pp310-pypy310_pp73-manylinux_2_17_x86_64.manylinux2014_x86_64.whl", hash = "sha256:fed1cd825158dcaae36acce7b2db33dcbfd12b30c34317a88b8ed80f0541cc57"},
    {file = "watchfiles-1.0.5-pp39-pypy39_pp73-macosx_10_12_x86_64.whl", hash = "sha256:554389562c29c2c182e3908b149095051f81d28c2fec79ad6c8997d7d63e0009"},
    {file = "watchfiles-1.0.5-pp39-pypy39_pp73-macosx_11_0_arm64.whl", hash = "sha256:a74add8d7727e6404d5dc4dcd7fac65d4d82f95928bbee0cf5414c900e86773e"},
    {file = "watchfiles-1.0.5-pp39-pypy39_pp73-manylinux_2_17_aarch64.manylinux2014_aarch64.whl", hash = "sha256:cb1489f25b051a89fae574505cc26360c8e95e227a9500182a7fe0afcc500ce0"},
    {file = "watchfiles-1.0.5-pp39-pypy39_pp73-manylinux_2_17_x86_64.manylinux2014_x86_64.whl", hash = "sha256:c0901429650652d3f0da90bad42bdafc1f9143ff3605633c455c999a2d786cac"},
    {file = "watchfiles-1.0.5.tar.gz", hash = "sha256:b7529b5dcc114679d43827d8c35a07c493ad6f083633d573d81c660abc5979e9"},
]

[package.dependencies]
anyio = ">=3.0.0"

[metadata]
lock-version = "2.1"
python-versions = ">=3.10"
content-hash = "633d4c18e2f35d6312469f43e42966f1734fbdf550c63c82fee39d54d35d1e02"
