# This file is automatically @generated by Poetry 2.1.2 and should not be changed by hand.

[[package]]
name = "click"
version = "8.1.8"
description = "Composable command line interface toolkit"
optional = false
python-versions = ">=3.7"
groups = ["main"]
files = [
    {file = "click-8.1.8-py3-none-any.whl", hash = "sha256:63c132bbbed01578a06712a2d1f497bb62d9c1c0d329b7903a866228027263b2"},
    {file = "click-8.1.8.tar.gz", hash = "sha256:ed53c9d8990d83c2a27deae68e4ee337473f6330c040a31d4225c9574d16096a"},
]

[package.dependencies]
colorama = {version = "*", markers = "platform_system == \"Windows\""}

[[package]]
name = "colorama"
version = "0.4.6"
description = "Cross-platform colored terminal text."
optional = false
python-versions = "!=3.0.*,!=3.1.*,!=3.2.*,!=3.3.*,!=3.4.*,!=3.5.*,!=3.6.*,>=2.7"
groups = ["main"]
markers = "platform_system == \"Windows\""
files = [
    {file = "colorama-0.4.6-py2.py3-none-any.whl", hash = "sha256:4f1d9991f5acc0ca119f9d443620b77f9d6b33703e51011c16baf57afb285fc6"},
    {file = "colorama-0.4.6.tar.gz", hash = "sha256:08695f5cb7ed6e0531a20572697297273c47b8cae5a63ffc6d6ed5c201be6e44"},
]

[[package]]
name = "granian"
version = "2.2.5"
description = "A Rust HTTP server for Python applications"
optional = false
python-versions = ">=3.9"
groups = ["main"]
files = [
    {file = "granian-2.2.5-cp310-cp310-macosx_10_12_x86_64.whl", hash = "sha256:5589e75ebb6c6bc9a8f90591cc69c0f1b37a34ab719f6545f8ac1c6d75a8eb19"},
    {file = "granian-2.2.5-cp310-cp310-macosx_11_0_arm64.whl", hash = "sha256:895292a7b204590a69625eb8d2da84f536378d1c54a0cb4ac55febeb2fb460cb"},
    {file = "granian-2.2.5-cp310-cp310-manylinux_2_17_armv7l.manylinux2014_armv7l.whl", hash = "sha256:475eefaf459e3b27f0910db972b1b881a5d37631a03e13ac2cd1d6a3dbb76c8c"},
    {file = "granian-2.2.5-cp310-cp310-manylinux_2_17_i686.manylinux2014_i686.whl", hash = "sha256:c9e602eb99ba08f1776710caae0df62940f575c752b3709d741d2de9c971378f"},
    {file = "granian-2.2.5-cp310-cp310-manylinux_2_17_x86_64.manylinux2014_x86_64.whl", hash = "sha256:6c0aba46594c79fda92c22093363718a5871949e500fd4aca981c8deda63ab66"},
    {file = "granian-2.2.5-cp310-cp310-manylinux_2_28_aarch64.whl", hash = "sha256:4fd140d107b4ac2a14e196c7b8c334e6b6f3bc3786560cc9883f26b59768ed60"},
    {file = "granian-2.2.5-cp310-cp310-musllinux_1_1_aarch64.whl", hash = "sha256:c99c4532c7c17ca928989507300fe1d0b90a8037471a5a2ee41cad7513cb7b45"},
    {file = "granian-2.2.5-cp310-cp310-musllinux_1_1_armv7l.whl", hash = "sha256:35e363fa61582b2e7afa498d3b423a6e85b5a2c31d7887221443cd7c430844b9"},
    {file = "granian-2.2.5-cp310-cp310-musllinux_1_1_x86_64.whl", hash = "sha256:92b2d65c359417907b13a7fb789faebb64d1d3853db8c9c2f0e6aa6bda822496"},
    {file = "granian-2.2.5-cp310-cp310-win_amd64.whl", hash = "sha256:eec8ba571c20327acd2915b15f24c4ee72af5bfd8f8aa039bedd58ce39c4a43d"},
    {file = "granian-2.2.5-cp311-cp311-macosx_10_12_x86_64.whl", hash = "sha256:8e2b5b3ce787f89d5d379d4dcf97c9ef343f4b628038f3d149cf19ec061f6821"},
    {file = "granian-2.2.5-cp311-cp311-macosx_11_0_arm64.whl", hash = "sha256:33fe5613455c841ef90420d566cf04827e44a55d90ef58f357449ae358e8f27f"},
    {file = "granian-2.2.5-cp311-cp311-manylinux_2_17_armv7l.manylinux2014_armv7l.whl", hash = "sha256:435a0c87125fccb6dc6168524537695208363b1ed1923ba4e986900c18495263"},
    {file = "granian-2.2.5-cp311-cp311-manylinux_2_17_i686.manylinux2014_i686.whl", hash = "sha256:1c31e6cff7c19bc33694959a434e57dd279ca6eee0cc5ee147cb1680e60ef188"},
    {file = "granian-2.2.5-cp311-cp311-manylinux_2_17_x86_64.manylinux2014_x86_64.whl", hash = "sha256:19a0d4520617010a9c64951e6eceb4f8f51efc348595bb1a5b0965175c8a1498"},
    {file = "granian-2.2.5-cp311-cp311-manylinux_2_28_aarch64.whl", hash = "sha256:ab4c2cd6af03071cdc91afcdf3832a0ff9113bf2c8c84a6f0c737924c899832c"},
    {file = "granian-2.2.5-cp311-cp311-musllinux_1_1_aarch64.whl", hash = "sha256:0fb53b78c8e4ddf0f05df6ea5353b0b90325d8e83d474909d3f53b7508e8f2e5"},
    {file = "granian-2.2.5-cp311-cp311-musllinux_1_1_armv7l.whl", hash = "sha256:4ab203ecc34905450f832c0aea3ec036f632e765d036de8f22fb9859732eeb5e"},
    {file = "granian-2.2.5-cp311-cp311-musllinux_1_1_x86_64.whl", hash = "sha256:18586d29dcff41db730df0f4ae341f437695aaa7bfdeab8cef187bca6d1d8146"},
    {file = "granian-2.2.5-cp311-cp311-win_amd64.whl", hash = "sha256:30b3261254e8b45ce825ef958da034b80c20faf4b48e0ca1bfb01a829ae92d5c"},
    {file = "granian-2.2.5-cp312-cp312-macosx_10_12_x86_64.whl", hash = "sha256:2ff8916ba37490fef696a461c2a43498b8865b3dcfa73e3dbff9d72ea2f6fbb9"},
    {file = "granian-2.2.5-cp312-cp312-macosx_11_0_arm64.whl", hash = "sha256:6cb56eccde7fe1c94ffb9ae60d516221c57b2e29224b6c6c2484ded044852320"},
    {file = "granian-2.2.5-cp312-cp312-manylinux_2_17_armv7l.manylinux2014_armv7l.whl", hash = "sha256:1883c7e3e1b1154ba49d1317e42a660b2c12a7bda8e4bc79b9279904db01d48b"},
    {file = "granian-2.2.5-cp312-cp312-manylinux_2_17_i686.manylinux2014_i686.whl", hash = "sha256:84ce4b171e3dd10a8d1b0ddf6a09665faae257ca5e35394af0784d1682252903"},
    {file = "granian-2.2.5-cp312-cp312-manylinux_2_17_x86_64.manylinux2014_x86_64.whl", hash = "sha256:2cdded34f6a0f9f4bdbb26535c4b16312b38b7edb799b39e2282f57b605919ea"},
    {file = "granian-2.2.5-cp312-cp312-manylinux_2_28_aarch64.whl", hash = "sha256:41f90d5123c1d772c24dfa552551831cd96742f72be26d550d3ac0bae733e870"},
    {file = "granian-2.2.5-cp312-cp312-musllinux_1_1_aarch64.whl", hash = "sha256:fadb34659db0e4eaba19e3d3547eaa4f75a64a63f222a57df7badcc17d3842d9"},
    {file = "granian-2.2.5-cp312-cp312-musllinux_1_1_armv7l.whl", hash = "sha256:bbeeeb96e7148cc36afa56f652da24f65098bd5e64a528ce894f60ab2db85ff7"},
    {file = "granian-2.2.5-cp312-cp312-musllinux_1_1_x86_64.whl", hash = "sha256:2ae5587061a95b936ecaaf337e1aff35d19e27c1872d09e1a86debf1010841f8"},
    {file = "granian-2.2.5-cp312-cp312-win_amd64.whl", hash = "sha256:fc1fa600bf0be3e8a3e2a49fb013aa9edf740dbf1ab14a19cad75088bd44dae4"},
    {file = "granian-2.2.5-cp313-cp313-macosx_10_12_x86_64.whl", hash = "sha256:00d0d1797df1e0c3c9e438670e0f1f27500efef543ced42415d821e6162f884e"},
    {file = "granian-2.2.5-cp313-cp313-macosx_11_0_arm64.whl", hash = "sha256:05d0852938a40948ce48a14a0186c9757b738e2715bd817a7931cb5b65aff4cb"},
    {file = "granian-2.2.5-cp313-cp313-manylinux_2_17_armv7l.manylinux2014_armv7l.whl", hash = "sha256:19b6817f25f1c29858e06c2ded96d16734ebb5c7d0f2d29f71c0e6e3da240906"},
    {file = "granian-2.2.5-cp313-cp313-manylinux_2_17_i686.manylinux2014_i686.whl", hash = "sha256:a6a79710035d5c5964e3f4a528e0d9b74de5d73a69b1ea48142804469a4c635f"},
    {file = "granian-2.2.5-cp313-cp313-manylinux_2_17_x86_64.manylinux2014_x86_64.whl", hash = "sha256:8a8b508b785e0a68593b111e598a199567c6fb98841cbd9cd1b5a10baa4cc13d"},
    {file = "granian-2.2.5-cp313-cp313-manylinux_2_28_aarch64.whl", hash = "sha256:9c6f1f4351ccf9783db6d6da022f1ba83ef4c83c2d26f52ca5d30acf5fbac2df"},
    {file = "granian-2.2.5-cp313-cp313-musllinux_1_1_aarch64.whl", hash = "sha256:ac26b7933e3302b526d481b7c61f017288e06eb56bf9168133f649097b2ce5ab"},
    {file = "granian-2.2.5-cp313-cp313-musllinux_1_1_armv7l.whl", hash = "sha256:4950e77678378995df3b2be5544179ae5757a3ab6079272f14a161e14f0fe1eb"},
    {file = "granian-2.2.5-cp313-cp313-musllinux_1_1_x86_64.whl", hash = "sha256:928389b89ffe88af96fbd8120fc3cb64afe9a62797000f6e7e6ff88ff5612ccc"},
    {file = "granian-2.2.5-cp313-cp313-win_amd64.whl", hash = "sha256:db1f3c2ae4496e82803014587b822c702d5ea263c35a8edf1a2b098ee9459c9a"},
    {file = "granian-2.2.5-cp313-cp313t-macosx_10_12_x86_64.whl", hash = "sha256:f0b688402347e646a2d2b95114eef2eb786ec4c9cb747157e7e892f809e0bb3f"},
    {file = "granian-2.2.5-cp313-cp313t-macosx_11_0_arm64.whl", hash = "sha256:4e8fd8688c79fd7d9dec162b5217869288c1da64ce26518d9fbb69d8f8e97ac9"},
    {file = "granian-2.2.5-cp313-cp313t-manylinux_2_17_x86_64.manylinux2014_x86_64.whl", hash = "sha256:12fe0a5f37affa90d2d576b9a7c4e1bbe18ff4cce59f6cd05d33375e6d5b4b5a"},
    {file = "granian-2.2.5-cp313-cp313t-manylinux_2_28_aarch64.whl", hash = "sha256:48a43bf791ec7ec8c75cf538f5957875aedc5b4653688c9292887911738d3f51"},
    {file = "granian-2.2.5-cp313-cp313t-musllinux_1_1_aarch64.whl", hash = "sha256:bb44abd371bf054626aa750ad25dfe6b17216a0dbf10faa4f6a61a2fea57eaf6"},
    {file = "granian-2.2.5-cp313-cp313t-musllinux_1_1_armv7l.whl", hash = "sha256:4cdccad590be2183eed4e11f4aef7e62c5326df777e4aaefceecb23edea474ad"},
    {file = "granian-2.2.5-cp313-cp313t-musllinux_1_1_x86_64.whl", hash = "sha256:0ea5be0b02b78a024fc730cf2a271e58ec553aa39b0b43bdb11492c4c82024ba"},
    {file = "granian-2.2.5-cp313-cp313t-win_amd64.whl", hash = "sha256:3e83de670fd6c75b405f28f62053d3477433650f102cb88e6582df6acced0a6c"},
    {file = "granian-2.2.5-cp39-cp39-macosx_10_12_x86_64.whl", hash = "sha256:7bae59a88c1e5ab6009312843b5b34ab0554553a70272e7281f87f7877c70758"},
    {file = "granian-2.2.5-cp39-cp39-macosx_11_0_arm64.whl", hash = "sha256:2bb568b5842672cc9deea079ae3d7d33ffdb4bc59b6263608a5969eda5593cc7"},
    {file = "granian-2.2.5-cp39-cp39-manylinux_2_17_armv7l.manylinux2014_armv7l.whl", hash = "sha256:e0dc6c493f3e071d050251bc09002be6a32a6da009d7d41954569f5b073104b9"},
    {file = "granian-2.2.5-cp39-cp39-manylinux_2_17_i686.manylinux2014_i686.whl", hash = "sha256:654eb753bbca27cc3298635c296612c872dccd1c55e97c3e75339489602e6049"},
    {file = "granian-2.2.5-cp39-cp39-manylinux_2_17_x86_64.manylinux2014_x86_64.whl", hash = "sha256:894d0ab8bdfc2d38791e154d797273801626e409539ebdf0f4c1bd826470331a"},
    {file = "granian-2.2.5-cp39-cp39-manylinux_2_28_aarch64.whl", hash = "sha256:acb27162fe1da7cfd6a56eeabc8b3608342d568b491e72a7b856894fb9653e85"},
    {file = "granian-2.2.5-cp39-cp39-musllinux_1_1_aarch64.whl", hash = "sha256:dc6aca51b1363cbde94aaa2510e2d2903d63b037630b9defed7b139a1502d68c"},
    {file = "granian-2.2.5-cp39-cp39-musllinux_1_1_armv7l.whl", hash = "sha256:e36f8fdc32f4995a84a8177480c2b2b659ab9344410e0db377ebd3fddcb337b4"},
    {file = "granian-2.2.5-cp39-cp39-musllinux_1_1_x86_64.whl", hash = "sha256:b570cf6ca3379fa7f4f3c73502ccb80f47cfe5dde1c99317c8f5981237eb195d"},
    {file = "granian-2.2.5-cp39-cp39-win_amd64.whl", hash = "sha256:053b752574d0fdf72c955a7b195ae1f481472e0ef1198c438d7ca194c242c287"},
    {file = "granian-2.2.5-pp310-pypy310_pp73-macosx_10_12_x86_64.whl", hash = "sha256:98ed7f46d8aa0922216875acd3984592bf54a6b4c7c098e86a40f60fe30d8acf"},
    {file = "granian-2.2.5-pp310-pypy310_pp73-macosx_11_0_arm64.whl", hash = "sha256:5049be7c71754aa0eb92b5374207e86d975498dc5b117d03d4b0b517a6ad754e"},
    {file = "granian-2.2.5-pp310-pypy310_pp73-manylinux_2_17_x86_64.manylinux2014_x86_64.whl", hash = "sha256:6ea8ef8d67b4366210d167ed36f25ce74c7332991fb4911795cd31af0e01785c"},
    {file = "granian-2.2.5-pp310-pypy310_pp73-manylinux_2_28_aarch64.whl", hash = "sha256:6fec5114fb780c754992b0c5b19eaaf196e4ee19d56460ee77bb5b6a5598feeb"},
    {file = "granian-2.2.5-pp310-pypy310_pp73-musllinux_1_1_aarch64.whl", hash = "sha256:70f262884ee4c0d5797ac745273623f728df5648889b6f6f2cb05099587e6942"},
    {file = "granian-2.2.5-pp310-pypy310_pp73-musllinux_1_1_armv7l.whl", hash = "sha256:19a8764f77cda621216917d9ca457bb93f0f4157596c1ade47d39a2a74f8ed1f"},
    {file = "granian-2.2.5-pp310-pypy310_pp73-musllinux_1_1_x86_64.whl", hash = "sha256:ef723d40e629706cfab07adc3c08ca24036cbcb3e226f1e14f64fd6f8c72d45d"},
    {file = "granian-2.2.5-pp311-pypy311_pp73-macosx_10_12_x86_64.whl", hash = "sha256:b7571c366d8f6ccf544fb0f1feabe706f47529ddb0bf6db19589b7bfc24e5933"},
    {file = "granian-2.2.5-pp311-pypy311_pp73-macosx_11_0_arm64.whl", hash = "sha256:6a6f3c1c32479385d0d0891ada451ffed853edd2b84270554dd0c958c9a23e61"},
    {file = "granian-2.2.5-pp311-pypy311_pp73-manylinux_2_17_x86_64.manylinux2014_x86_64.whl", hash = "sha256:dc3044ea4cc24423d7c6b591474c18761f597c6d25c98e361a2912b38107e2c3"},
    {file = "granian-2.2.5-pp311-pypy311_pp73-manylinux_2_28_aarch64.whl", hash = "sha256:2ee65968181686f836bfda1cd26808a0ed56aefa6aef352664ac5e4b4e79f18e"},
    {file = "granian-2.2.5-pp311-pypy311_pp73-musllinux_1_1_aarch64.whl", hash = "sha256:e73ad9bbda11c03b3c82c459c36268f365500324ee9e0d0a26e443cb7796454e"},
    {file = "granian-2.2.5-pp311-pypy311_pp73-musllinux_1_1_armv7l.whl", hash = "sha256:2252443bc38bb9c25e3c856d911c15cbb377398da26a289c6f0a8d83ac08e293"},
    {file = "granian-2.2.5-pp311-pypy311_pp73-musllinux_1_1_x86_64.whl", hash = "sha256:4a7c7a41101f2a404aacf515dd03e79d40b0c8650e17ce03ca806670ee9101a1"},
    {file = "granian-2.2.5-pp39-pypy39_pp73-macosx_10_12_x86_64.whl", hash = "sha256:5db67f26c89c7220c3cc1fce9b8f881a95c6c5e328b08938ad5afbc3aa6f5e3f"},
    {file = "granian-2.2.5-pp39-pypy39_pp73-macosx_11_0_arm64.whl", hash = "sha256:2911bb2a897eedbd9978c95f73f106de8a90c012c68379857119a33bfff30d29"},
    {file = "granian-2.2.5-pp39-pypy39_pp73-manylinux_2_17_x86_64.manylinux2014_x86_64.whl", hash = "sha256:ac81a79491e8afbd3e6c577c81ae872f910e2119dd13afd65338a0974b3d1c17"},
    {file = "granian-2.2.5-pp39-pypy39_pp73-manylinux_2_28_aarch64.whl", hash = "sha256:5bc5902069e068af15ebc874579d6dd3db73d96378e1e1acee8ebae6989bfe77"},
    {file = "granian-2.2.5-pp39-pypy39_pp73-musllinux_1_1_aarch64.whl", hash = "sha256:b97b569b32e28b0688ff1e7e75a313635edcba8d158adf65751fb1f8a752c9d3"},
    {file = "granian-2.2.5-pp39-pypy39_pp73-musllinux_1_1_armv7l.whl", hash = "sha256:d0cff3257764a02108183c78fba8803fc76121d411a461f38f7b8131e609f000"},
    {file = "granian-2.2.5-pp39-pypy39_pp73-musllinux_1_1_x86_64.whl", hash = "sha256:a1e8d676e2ebb6095752ec57f358d4879f77e961624d2f64c0432fd1d704332b"},
    {file = "granian-2.2.5.tar.gz", hash = "sha256:90b832270b6b03a41b1706051113a3ffcca307860d5c864dc1f47ea290fc4b58"},
]

[package.dependencies]
click = ">=8.0.0"

[package.extras]
all = ["granian[pname,reload]"]
pname = ["setproctitle (>=1.3.3,<1.4.0)"]
reload = ["watchfiles (>=1.0,<2.0)"]
rloop = ["rloop (>=0.1,<1.0) ; sys_platform != \"win32\""]
uvloop = ["uvloop (>=0.18.0) ; platform_python_implementation == \"CPython\" and sys_platform != \"win32\""]

[metadata]
lock-version = "2.1"
python-versions = ">=3.10"
content-hash = "1c51680ee0302d01ab2703e03427886af06f089cde40eb1fae00719a73031ea2"
